
Microsoft Visual Studio Solution File, Format Version 12.00
# Visual Studio Version 16
VisualStudioVersion = 16.0.31424.327
MinimumVisualStudioVersion = 10.0.40219.1
Project("{FAE04EC0-301F-11D3-BF4B-00C04F79EFBC}") = "CalebEDU3", "CalebEDU3\CalebEDU3.csproj", "{2CCBB188-E914-42BC-ACAA-3CA9EFA9C603}"
EndProject
Global
	GlobalSection(SolutionConfigurationPlatforms) = preSolution
		Debug|Any CPU = Debug|Any CPU
		Release|Any CPU = Release|Any CPU
	EndGlobalSection
	GlobalSection(ProjectConfigurationPlatforms) = postSolution
		{2CCBB188-E914-42BC-ACAA-3CA9EFA9C603}.Debug|Any CPU.ActiveCfg = Debug|Any CPU
		{2CCBB188-E914-42BC-ACAA-3CA9EFA9C603}.Debug|Any CPU.Build.0 = Debug|Any CPU
		{2CCBB188-E914-42BC-ACAA-3CA9EFA9C603}.Release|Any CPU.ActiveCfg = Release|Any CPU
		{2CCBB188-E914-42BC-ACAA-3CA9EFA9C603}.Release|Any CPU.Build.0 = Release|Any CPU
	EndGlobalSection
	GlobalSection(SolutionProperties) = preSolution
		HideSolutionNode = FALSE
	EndGlobalSection
	GlobalSection(ExtensibilityGlobals) = postSolution
		SolutionGuid = {8CE4EC79-7643-4A56-8944-48880D97AE93}
	EndGlobalSection
EndGlobal
